
Microsoft Visual Studio Solution File, Format Version 12.00
# Visual Studio Version 16
VisualStudioVersion = 16.0.30907.101
MinimumVisualStudioVersion = 10.0.40219.1
Project("{FAE04EC0-301F-11D3-BF4B-00C04F79EFBC}") = "Capture-Installer-WPF", "Capture-Installer-WPF\Capture-Installer-WPF.csproj", "{56A40D8E-D13C-4C16-9DEC-288F4FE47356}"
EndProject
Global
	GlobalSection(SolutionConfigurationPlatforms) = preSolution
		Debug|Any CPU = Debug|Any CPU
		Release|Any CPU = Release|Any CPU
	EndGlobalSection
	GlobalSection(ProjectConfigurationPlatforms) = postSolution
		{56A40D8E-D13C-4C16-9DEC-288F4FE47356}.Debug|Any CPU.ActiveCfg = Debug|Any CPU
		{56A40D8E-D13C-4C16-9DEC-288F4FE47356}.Debug|Any CPU.Build.0 = Debug|Any CPU
		{56A40D8E-D13C-4C16-9DEC-288F4FE47356}.Release|Any CPU.ActiveCfg = Release|Any CPU
		{56A40D8E-D13C-4C16-9DEC-288F4FE47356}.Release|Any CPU.Build.0 = Release|Any CPU
	EndGlobalSection
	GlobalSection(SolutionProperties) = preSolution
		HideSolutionNode = FALSE
	EndGlobalSection
	GlobalSection(ExtensibilityGlobals) = postSolution
		SolutionGuid = {6C0B5B11-3942-40E9-8391-10CACDE8EA93}
	EndGlobalSection
EndGlobal
